
Microsoft Visual Studio Solution File, Format Version 12.00
# Visual Studio Version 17
VisualStudioVersion = 17.6.33617.297
MinimumVisualStudioVersion = 10.0.40219.1
Project("{9A19103F-16F7-4668-BE54-9A1E7A4F7556}") = "LayaliAlfajar", "LayaliAlfajar\LayaliAlfajar.csproj", "{D9A5D223-6EF8-494D-AE42-E35B4C7827A5}"
EndProject
Project("{FAE04EC0-301F-11D3-BF4B-00C04F79EFBC}") = "Layali.DataAccess", "Layali.DataAccess\Layali.DataAccess.csproj", "{42619C12-7118-4874-8CEC-B3F977529D17}"
EndProject
Project("{FAE04EC0-301F-11D3-BF4B-00C04F79EFBC}") = "Layali.Models", "Layali.Models\Layali.Models.csproj", "{FEB1E8CC-1296-4723-B54C-F3E2A135CAD0}"
EndProject
Project("{FAE04EC0-301F-11D3-BF4B-00C04F79EFBC}") = "Layali.Utility", "Layali.Utility\Layali.Utility.csproj", "{48A3A888-79CD-4034-889D-E8CBA1213F48}"
EndProject
Global
	GlobalSection(SolutionConfigurationPlatforms) = preSolution
		Debug|Any CPU = Debug|Any CPU
		Release|Any CPU = Release|Any CPU
	EndGlobalSection
	GlobalSection(ProjectConfigurationPlatforms) = postSolution
		{D9A5D223-6EF8-494D-AE42-E35B4C7827A5}.Debug|Any CPU.ActiveCfg = Debug|Any CPU
		{D9A5D223-6EF8-494D-AE42-E35B4C7827A5}.Debug|Any CPU.Build.0 = Debug|Any CPU
		{D9A5D223-6EF8-494D-AE42-E35B4C7827A5}.Release|Any CPU.ActiveCfg = Release|Any CPU
		{D9A5D223-6EF8-494D-AE42-E35B4C7827A5}.Release|Any CPU.Build.0 = Release|Any CPU
		{42619C12-7118-4874-8CEC-B3F977529D17}.Debug|Any CPU.ActiveCfg = Debug|Any CPU
		{42619C12-7118-4874-8CEC-B3F977529D17}.Debug|Any CPU.Build.0 = Debug|Any CPU
		{42619C12-7118-4874-8CEC-B3F977529D17}.Release|Any CPU.ActiveCfg = Release|Any CPU
		{42619C12-7118-4874-8CEC-B3F977529D17}.Release|Any CPU.Build.0 = Release|Any CPU
		{FEB1E8CC-1296-4723-B54C-F3E2A135CAD0}.Debug|Any CPU.ActiveCfg = Debug|Any CPU
		{FEB1E8CC-1296-4723-B54C-F3E2A135CAD0}.Debug|Any CPU.Build.0 = Debug|Any CPU
		{FEB1E8CC-1296-4723-B54C-F3E2A135CAD0}.Release|Any CPU.ActiveCfg = Release|Any CPU
		{FEB1E8CC-1296-4723-B54C-F3E2A135CAD0}.Release|Any CPU.Build.0 = Release|Any CPU
		{48A3A888-79CD-4034-889D-E8CBA1213F48}.Debug|Any CPU.ActiveCfg = Debug|Any CPU
		{48A3A888-79CD-4034-889D-E8CBA1213F48}.Debug|Any CPU.Build.0 = Debug|Any CPU
		{48A3A888-79CD-4034-889D-E8CBA1213F48}.Release|Any CPU.ActiveCfg = Release|Any CPU
		{48A3A888-79CD-4034-889D-E8CBA1213F48}.Release|Any CPU.Build.0 = Release|Any CPU
	EndGlobalSection
	GlobalSection(SolutionProperties) = preSolution
		HideSolutionNode = FALSE
	EndGlobalSection
	GlobalSection(ExtensibilityGlobals) = postSolution
		SolutionGuid = {0FD74F20-069A-4EC4-B7DC-600EF4499869}
	EndGlobalSection
EndGlobal
